
Microsoft Visual Studio Solution File, Format Version 12.00
# Visual Studio Version 17
VisualStudioVersion = 17.11.35219.272
MinimumVisualStudioVersion = 10.0.40219.1
Project("{FAE04EC0-301F-11D3-BF4B-00C04F79EFBC}") = "MauiApp1", "MauiApp1\MauiApp1.csproj", "{DF19F0D6-11A9-401C-BBC6-AC7FE88B3868}"
EndProject
Global
	GlobalSection(SolutionConfigurationPlatforms) = preSolution
		Debug|Any CPU = Debug|Any CPU
		Release|Any CPU = Release|Any CPU
	EndGlobalSection
	GlobalSection(ProjectConfigurationPlatforms) = postSolution
		{DF19F0D6-11A9-401C-BBC6-AC7FE88B3868}.Debug|Any CPU.ActiveCfg = Debug|Any CPU
		{DF19F0D6-11A9-401C-BBC6-AC7FE88B3868}.Debug|Any CPU.Build.0 = Debug|Any CPU
		{DF19F0D6-11A9-401C-BBC6-AC7FE88B3868}.Debug|Any CPU.Deploy.0 = Debug|Any CPU
		{DF19F0D6-11A9-401C-BBC6-AC7FE88B3868}.Release|Any CPU.ActiveCfg = Release|Any CPU
		{DF19F0D6-11A9-401C-BBC6-AC7FE88B3868}.Release|Any CPU.Build.0 = Release|Any CPU
		{DF19F0D6-11A9-401C-BBC6-AC7FE88B3868}.Release|Any CPU.Deploy.0 = Release|Any CPU
	EndGlobalSection
	GlobalSection(SolutionProperties) = preSolution
		HideSolutionNode = FALSE
	EndGlobalSection
	GlobalSection(ExtensibilityGlobals) = postSolution
		SolutionGuid = {2F927C2E-02B0-45E4-92DE-6F210EB127AB}
	EndGlobalSection
EndGlobal
